
Microsoft Visual Studio Solution File, Format Version 12.00
# Visual Studio Version 17
VisualStudioVersion = 17.14.36203.30
MinimumVisualStudioVersion = 10.0.40219.1
Project("{FAE04EC0-301F-11D3-BF4B-00C04F79EFBC}") = "RestCaptcha.WebService", "src\RestCaptcha.WebService.csproj", "{19798412-6ED1-ED98-9381-99DB68F5FB10}"
EndProject
Project("{2150E333-8FDC-42A3-9474-1A3956D46DE8}") = "Solution Items", "Solution Items", "{02EA681E-C7D8-13C7-8484-4AC65E1B71E8}"
	ProjectSection(SolutionItems) = preProject
		.editorconfig = .editorconfig
	EndProjectSection
EndProject
Global
	GlobalSection(SolutionConfigurationPlatforms) = preSolution
		Debug|Any CPU = Debug|Any CPU
		Release|Any CPU = Release|Any CPU
	EndGlobalSection
	GlobalSection(ProjectConfigurationPlatforms) = postSolution
		{19798412-6ED1-ED98-9381-99DB68F5FB10}.Debug|Any CPU.ActiveCfg = Debug|Any CPU
		{19798412-6ED1-ED98-9381-99DB68F5FB10}.Debug|Any CPU.Build.0 = Debug|Any CPU
		{19798412-6ED1-ED98-9381-99DB68F5FB10}.Release|Any CPU.ActiveCfg = Release|Any CPU
		{19798412-6ED1-ED98-9381-99DB68F5FB10}.Release|Any CPU.Build.0 = Release|Any CPU
	EndGlobalSection
	GlobalSection(SolutionProperties) = preSolution
		HideSolutionNode = FALSE
	EndGlobalSection
	GlobalSection(ExtensibilityGlobals) = postSolution
		SolutionGuid = {9D3F5CDB-C7F5-4E34-9D79-DF847AB38AE8}
	EndGlobalSection
EndGlobal
